
Microsoft Visual Studio Solution File, Format Version 12.00
# Visual Studio Version 17
VisualStudioVersion = 17.14.36414.22 d17.14
MinimumVisualStudioVersion = 10.0.40219.1
Project("{FAE04EC0-301F-11D3-BF4B-00C04F79EFBC}") = "Windows Optimiser v2", "Windows Optimiser v2.csproj", "{5D0A3EC1-A159-4EDD-8D58-DD8787F527F2}"
EndProject
Global
	GlobalSection(SolutionConfigurationPlatforms) = preSolution
		Debug|Any CPU = Debug|Any CPU
		Release|Any CPU = Release|Any CPU
	EndGlobalSection
	GlobalSection(ProjectConfigurationPlatforms) = postSolution
		{5D0A3EC1-A159-4EDD-8D58-DD8787F527F2}.Debug|Any CPU.ActiveCfg = Debug|Any CPU
		{5D0A3EC1-A159-4EDD-8D58-DD8787F527F2}.Debug|Any CPU.Build.0 = Debug|Any CPU
		{5D0A3EC1-A159-4EDD-8D58-DD8787F527F2}.Release|Any CPU.ActiveCfg = Release|Any CPU
		{5D0A3EC1-A159-4EDD-8D58-DD8787F527F2}.Release|Any CPU.Build.0 = Release|Any CPU
	EndGlobalSection
	GlobalSection(SolutionProperties) = preSolution
		HideSolutionNode = FALSE
	EndGlobalSection
	GlobalSection(ExtensibilityGlobals) = postSolution
		SolutionGuid = {DE0D6C0A-1E72-4DB7-87CF-2B5148A19DF5}
	EndGlobalSection
EndGlobal
